
Microsoft Visual Studio Solution File, Format Version 12.00
# Visual Studio Version 17
VisualStudioVersion = 17.8.34511.84
MinimumVisualStudioVersion = 10.0.40219.1
Project("{9A19103F-16F7-4668-BE54-9A1E7A4F7556}") = "VideoApi", "VideoApi.csproj", "{5009B260-80FC-4134-A5A5-C06DF5969DDE}"
EndProject
Project("{FAE04EC0-301F-11D3-BF4B-00C04F79EFBC}") = "ConsoleApp1", "..\ConsoleApp1\ConsoleApp1.csproj", "{FCAB54F2-F5F0-4E3C-A818-437BFA98D68E}"
EndProject
Global
	GlobalSection(SolutionConfigurationPlatforms) = preSolution
		Debug|Any CPU = Debug|Any CPU
		Release|Any CPU = Release|Any CPU
	EndGlobalSection
	GlobalSection(ProjectConfigurationPlatforms) = postSolution
		{5009B260-80FC-4134-A5A5-C06DF5969DDE}.Debug|Any CPU.ActiveCfg = Debug|Any CPU
		{5009B260-80FC-4134-A5A5-C06DF5969DDE}.Debug|Any CPU.Build.0 = Debug|Any CPU
		{5009B260-80FC-4134-A5A5-C06DF5969DDE}.Release|Any CPU.ActiveCfg = Release|Any CPU
		{5009B260-80FC-4134-A5A5-C06DF5969DDE}.Release|Any CPU.Build.0 = Release|Any CPU
		{FCAB54F2-F5F0-4E3C-A818-437BFA98D68E}.Debug|Any CPU.ActiveCfg = Debug|Any CPU
		{FCAB54F2-F5F0-4E3C-A818-437BFA98D68E}.Debug|Any CPU.Build.0 = Debug|Any CPU
		{FCAB54F2-F5F0-4E3C-A818-437BFA98D68E}.Release|Any CPU.ActiveCfg = Release|Any CPU
		{FCAB54F2-F5F0-4E3C-A818-437BFA98D68E}.Release|Any CPU.Build.0 = Release|Any CPU
	EndGlobalSection
	GlobalSection(SolutionProperties) = preSolution
		HideSolutionNode = FALSE
	EndGlobalSection
	GlobalSection(ExtensibilityGlobals) = postSolution
		SolutionGuid = {B6B934CD-BF67-4FEF-922D-EEDAD7F18B1C}
	EndGlobalSection
EndGlobal
